
Microsoft Visual Studio Solution File, Format Version 12.00
# Visual Studio Version 17
VisualStudioVersion = 17.10.35004.147
MinimumVisualStudioVersion = 10.0.40219.1
Project("{2150E333-8FDC-42A3-9474-1A3956D46DE8}") = "test", "test", "{0BA1F02F-C113-4F86-A8B8-8FF45D2D42AE}"
EndProject
Project("{2150E333-8FDC-42A3-9474-1A3956D46DE8}") = "src", "src", "{DC7AE534-17AF-48EF-92CD-BC6D72F74097}"
EndProject
Project("{2150E333-8FDC-42A3-9474-1A3956D46DE8}") = "UI", "UI", "{B29D8436-30C2-4803-A620-4C1EFA9912A5}"
EndProject
Project("{2150E333-8FDC-42A3-9474-1A3956D46DE8}") = "Core", "Core", "{22772A10-3469-45D4-9155-8273C8D2D16A}"
EndProject
Project("{2150E333-8FDC-42A3-9474-1A3956D46DE8}") = "Infrastructure", "Infrastructure", "{AD3FC285-7155-41BF-8366-C1323F829059}"
EndProject
Project("{2150E333-8FDC-42A3-9474-1A3956D46DE8}") = "APIs", "APIs", "{A552ECC8-6CBE-4D68-9012-3CAF935E3312}"
EndProject
Project("{2150E333-8FDC-42A3-9474-1A3956D46DE8}") = "Client", "Client", "{2806D5CD-EFA8-4142-945D-FD9CC96AF16B}"
EndProject
Project("{2150E333-8FDC-42A3-9474-1A3956D46DE8}") = "Dashboard", "Dashboard", "{BC7ACFEE-C85D-4CB0-98AE-190584CA28C5}"
EndProject
Project("{9A19103F-16F7-4668-BE54-9A1E7A4F7556}") = "Talabat.APIs", "Talabat.APIs\Talabat.APIs.csproj", "{60AA6B62-86D3-4DC7-BC80-2B230456B352}"
EndProject
Project("{FAE04EC0-301F-11D3-BF4B-00C04F79EFBC}") = "Talabat.Core.Domain", "Talabat.Core.Domain\Talabat.Core.Domain.csproj", "{06DC6B4F-A641-4317-BF3C-4793EDC8231D}"
EndProject
Project("{FAE04EC0-301F-11D3-BF4B-00C04F79EFBC}") = "Talabat.Core.Application", "Talabat.Core.Application\Talabat.Core.Application.csproj", "{2000847D-CB63-4159-9C4B-D4F121636052}"
EndProject
Project("{FAE04EC0-301F-11D3-BF4B-00C04F79EFBC}") = "Talabat.Core.Application.Abstraction", "Talabat.Core.Application.Abstraction\Talabat.Core.Application.Abstraction.csproj", "{9BB4C343-3406-4358-B474-C93BFD4EC081}"
EndProject
Project("{FAE04EC0-301F-11D3-BF4B-00C04F79EFBC}") = "Talabat.Infrastructure", "Talabat.Infrastructuree\Talabat.Infrastructure.csproj", "{F2DA8CB2-864A-46FD-BF94-8052673807CF}"
EndProject
Project("{FAE04EC0-301F-11D3-BF4B-00C04F79EFBC}") = "Talabat.Infrastructure.Persistence", "Talabat.Infrastructure.Persistence\Talabat.Infrastructure.Persistence.csproj", "{2796BF4F-66E3-40F9-BD49-1FBCC6E96E3E}"
EndProject
Project("{FAE04EC0-301F-11D3-BF4B-00C04F79EFBC}") = "Talabat.Dashboard", "Talabat.Dashboard\Talabat.Dashboard.csproj", "{106B664C-2BA1-48E7-A409-3D6FD1F08D57}"
EndProject
Project("{FAE04EC0-301F-11D3-BF4B-00C04F79EFBC}") = "Talabat.APIs.Controllers", "Talabat.APIs.Controllers\Talabat.APIs.Controllers.csproj", "{6742421F-80DC-4250-981C-1FCE13E95E76}"
EndProject
Global
	GlobalSection(SolutionConfigurationPlatforms) = preSolution
		Debug|Any CPU = Debug|Any CPU
		Release|Any CPU = Release|Any CPU
	EndGlobalSection
	GlobalSection(ProjectConfigurationPlatforms) = postSolution
		{60AA6B62-86D3-4DC7-BC80-2B230456B352}.Debug|Any CPU.ActiveCfg = Debug|Any CPU
		{60AA6B62-86D3-4DC7-BC80-2B230456B352}.Debug|Any CPU.Build.0 = Debug|Any CPU
		{60AA6B62-86D3-4DC7-BC80-2B230456B352}.Release|Any CPU.ActiveCfg = Release|Any CPU
		{60AA6B62-86D3-4DC7-BC80-2B230456B352}.Release|Any CPU.Build.0 = Release|Any CPU
		{06DC6B4F-A641-4317-BF3C-4793EDC8231D}.Debug|Any CPU.ActiveCfg = Debug|Any CPU
		{06DC6B4F-A641-4317-BF3C-4793EDC8231D}.Debug|Any CPU.Build.0 = Debug|Any CPU
		{06DC6B4F-A641-4317-BF3C-4793EDC8231D}.Release|Any CPU.ActiveCfg = Release|Any CPU
		{06DC6B4F-A641-4317-BF3C-4793EDC8231D}.Release|Any CPU.Build.0 = Release|Any CPU
		{2000847D-CB63-4159-9C4B-D4F121636052}.Debug|Any CPU.ActiveCfg = Debug|Any CPU
		{2000847D-CB63-4159-9C4B-D4F121636052}.Debug|Any CPU.Build.0 = Debug|Any CPU
		{2000847D-CB63-4159-9C4B-D4F121636052}.Release|Any CPU.ActiveCfg = Release|Any CPU
		{2000847D-CB63-4159-9C4B-D4F121636052}.Release|Any CPU.Build.0 = Release|Any CPU
		{9BB4C343-3406-4358-B474-C93BFD4EC081}.Debug|Any CPU.ActiveCfg = Debug|Any CPU
		{9BB4C343-3406-4358-B474-C93BFD4EC081}.Debug|Any CPU.Build.0 = Debug|Any CPU
		{9BB4C343-3406-4358-B474-C93BFD4EC081}.Release|Any CPU.ActiveCfg = Release|Any CPU
		{9BB4C343-3406-4358-B474-C93BFD4EC081}.Release|Any CPU.Build.0 = Release|Any CPU
		{F2DA8CB2-864A-46FD-BF94-8052673807CF}.Debug|Any CPU.ActiveCfg = Debug|Any CPU
		{F2DA8CB2-864A-46FD-BF94-8052673807CF}.Debug|Any CPU.Build.0 = Debug|Any CPU
		{F2DA8CB2-864A-46FD-BF94-8052673807CF}.Release|Any CPU.ActiveCfg = Release|Any CPU
		{F2DA8CB2-864A-46FD-BF94-8052673807CF}.Release|Any CPU.Build.0 = Release|Any CPU
		{2796BF4F-66E3-40F9-BD49-1FBCC6E96E3E}.Debug|Any CPU.ActiveCfg = Debug|Any CPU
		{2796BF4F-66E3-40F9-BD49-1FBCC6E96E3E}.Debug|Any CPU.Build.0 = Debug|Any CPU
		{2796BF4F-66E3-40F9-BD49-1FBCC6E96E3E}.Release|Any CPU.ActiveCfg = Release|Any CPU
		{2796BF4F-66E3-40F9-BD49-1FBCC6E96E3E}.Release|Any CPU.Build.0 = Release|Any CPU
		{106B664C-2BA1-48E7-A409-3D6FD1F08D57}.Debug|Any CPU.ActiveCfg = Debug|Any CPU
		{106B664C-2BA1-48E7-A409-3D6FD1F08D57}.Debug|Any CPU.Build.0 = Debug|Any CPU
		{106B664C-2BA1-48E7-A409-3D6FD1F08D57}.Release|Any CPU.ActiveCfg = Release|Any CPU
		{106B664C-2BA1-48E7-A409-3D6FD1F08D57}.Release|Any CPU.Build.0 = Release|Any CPU
		{6742421F-80DC-4250-981C-1FCE13E95E76}.Debug|Any CPU.ActiveCfg = Debug|Any CPU
		{6742421F-80DC-4250-981C-1FCE13E95E76}.Debug|Any CPU.Build.0 = Debug|Any CPU
		{6742421F-80DC-4250-981C-1FCE13E95E76}.Release|Any CPU.ActiveCfg = Release|Any CPU
		{6742421F-80DC-4250-981C-1FCE13E95E76}.Release|Any CPU.Build.0 = Release|Any CPU
	EndGlobalSection
	GlobalSection(SolutionProperties) = preSolution
		HideSolutionNode = FALSE
	EndGlobalSection
	GlobalSection(NestedProjects) = preSolution
		{B29D8436-30C2-4803-A620-4C1EFA9912A5} = {DC7AE534-17AF-48EF-92CD-BC6D72F74097}
		{22772A10-3469-45D4-9155-8273C8D2D16A} = {DC7AE534-17AF-48EF-92CD-BC6D72F74097}
		{AD3FC285-7155-41BF-8366-C1323F829059} = {DC7AE534-17AF-48EF-92CD-BC6D72F74097}
		{A552ECC8-6CBE-4D68-9012-3CAF935E3312} = {DC7AE534-17AF-48EF-92CD-BC6D72F74097}
		{2806D5CD-EFA8-4142-945D-FD9CC96AF16B} = {B29D8436-30C2-4803-A620-4C1EFA9912A5}
		{BC7ACFEE-C85D-4CB0-98AE-190584CA28C5} = {B29D8436-30C2-4803-A620-4C1EFA9912A5}
		{60AA6B62-86D3-4DC7-BC80-2B230456B352} = {A552ECC8-6CBE-4D68-9012-3CAF935E3312}
		{06DC6B4F-A641-4317-BF3C-4793EDC8231D} = {22772A10-3469-45D4-9155-8273C8D2D16A}
		{2000847D-CB63-4159-9C4B-D4F121636052} = {22772A10-3469-45D4-9155-8273C8D2D16A}
		{9BB4C343-3406-4358-B474-C93BFD4EC081} = {22772A10-3469-45D4-9155-8273C8D2D16A}
		{F2DA8CB2-864A-46FD-BF94-8052673807CF} = {AD3FC285-7155-41BF-8366-C1323F829059}
		{2796BF4F-66E3-40F9-BD49-1FBCC6E96E3E} = {AD3FC285-7155-41BF-8366-C1323F829059}
		{106B664C-2BA1-48E7-A409-3D6FD1F08D57} = {BC7ACFEE-C85D-4CB0-98AE-190584CA28C5}
		{6742421F-80DC-4250-981C-1FCE13E95E76} = {A552ECC8-6CBE-4D68-9012-3CAF935E3312}
	EndGlobalSection
	GlobalSection(ExtensibilityGlobals) = postSolution
		SolutionGuid = {BE559C06-D160-41DF-A7E1-CD27CD1BDD14}
	EndGlobalSection
EndGlobal
